{
  "name": "virus",
  "version": "1.0.0",
  "lockfileVersion": 3,
  "requires": true,
  "packages": {
    "": {
      "name": "virus",
      "version": "1.0.0",
      "license": "ISC",
      "dependencies": {
        "clamscan": "^2.2.1"
      }
    },
    "node_modules/clamscan": {
      "version": "2.2.1",
      "resolved": "https://registry.npmjs.org/clamscan/-/clamscan-2.2.1.tgz",
      "integrity": "sha512-ureXxucH9MfkhyR4nsJMWPnwq/mKlSYHB5RtkuqWltgSF06kET/C36iAeJuGiGXIWc1bi1FMMoptysHLkIRA/g==",
      "engines": {
        "node": ">=16.0.0"
      }
    }
  }
}
